{
  "name": "count_of_money",
  "lockfileVersion": 3,
  "requires": true,
  "packages": {
    "": {
      "dependencies": {
        "@formspree/react": "^2.5.1",
        "react": "^18.2.0",
        "react-dom": "^18.2.0"
      }
    },
    "node_modules/@formspree/core": {
      "version": "3.0.1",
      "resolved": "https://oppy-368227470243.d.codeartifact.eu-west-3.amazonaws.com/npm/oppy-npm/@formspree/core/-/core-3.0.1.tgz",
      "integrity": "sha512-jGNgrEtL8mx8k1kkmeNfyeoP1a+H2kci8TMG7CT3R5k3ssqr0Sl1j10SIKo74CFZVewMW4JjMYwcunWUPfutSQ==",
      "dependencies": {
        "@stripe/stripe-js": "^1.35.0"
      }
    },
    "node_modules/@formspree/react": {
      "version": "2.5.1",
      "resolved": "https://oppy-368227470243.d.codeartifact.eu-west-3.amazonaws.com/npm/oppy-npm/@formspree/react/-/react-2.5.1.tgz",
      "integrity": "sha512-Yhxyn32m3zH63i0DNpnBq55zargDlbihqC0wlK18dqU7GOUqJXKY+WywLXuTRGfqo79/hT+Qx6eFS6M0J6eh0A==",
      "dependencies": {
        "@formspree/core": "^3.0.1",
        "@stripe/react-stripe-js": "^1.7.1",
        "@stripe/stripe-js": "^1.35.0"
      },
      "peerDependencies": {
        "react": "^16.8 || ^17.0 || ^18.0",
        "react-dom": "^16.8 || ^17.0 || ^18.0"
      }
    },
    "node_modules/@stripe/react-stripe-js": {
      "version": "1.16.5",
      "resolved": "https://oppy-368227470243.d.codeartifact.eu-west-3.amazonaws.com/npm/oppy-npm/@stripe/react-stripe-js/-/react-stripe-js-1.16.5.tgz",
      "integrity": "sha512-lVPW3IfwdacyS22pP+nBB6/GNFRRhT/4jfgAK6T2guQmtzPwJV1DogiGGaBNhiKtSY18+yS8KlHSu+PvZNclvQ==",
      "dependencies": {
        "prop-types": "^15.7.2"
      },
      "peerDependencies": {
        "@stripe/stripe-js": "^1.44.1",
        "react": "^16.8.0 || ^17.0.0 || ^18.0.0",
        "react-dom": "^16.8.0 || ^17.0.0 || ^18.0.0"
      }
    },
    "node_modules/@stripe/stripe-js": {
      "version": "1.54.2",
      "resolved": "https://oppy-368227470243.d.codeartifact.eu-west-3.amazonaws.com/npm/oppy-npm/@stripe/stripe-js/-/stripe-js-1.54.2.tgz",
      "integrity": "sha512-R1PwtDvUfs99cAjfuQ/WpwJ3c92+DAMy9xGApjqlWQMj0FKQabUAys2swfTRNzuYAYJh7NqK2dzcYVNkKLEKUg=="
    },
    "node_modules/js-tokens": {
      "version": "4.0.0",
      "resolved": "https://oppy-368227470243.d.codeartifact.eu-west-3.amazonaws.com/npm/oppy-npm/js-tokens/-/js-tokens-4.0.0.tgz",
      "integrity": "sha512-RdJUflcE3cUzKiMqQgsCu06FPu9UdIJO0beYbPhHN4k6apgJtifcoCtT9bcxOpYBtpD2kCM6Sbzg4CausW/PKQ=="
    },
    "node_modules/loose-envify": {
      "version": "1.4.0",
      "resolved": "https://oppy-368227470243.d.codeartifact.eu-west-3.amazonaws.com/npm/oppy-npm/loose-envify/-/loose-envify-1.4.0.tgz",
      "integrity": "sha512-lyuxPGr/Wfhrlem2CL/UcnUc1zcqKAImBDzukY7Y5F/yQiNdko6+fRLevlw1HgMySw7f611UIY408EtxRSoK3Q==",
      "dependencies": {
        "js-tokens": "^3.0.0 || ^4.0.0"
      },
      "bin": {
        "loose-envify": "cli.js"
      }
    },
    "node_modules/object-assign": {
      "version": "4.1.1",
      "resolved": "https://oppy-368227470243.d.codeartifact.eu-west-3.amazonaws.com/npm/oppy-npm/object-assign/-/object-assign-4.1.1.tgz",
      "integrity": "sha1-IQmtx5ZYh8/AXLvUQsrIv7s2CGM=",
      "engines": {
        "node": ">=0.10.0"
      }
    },
    "node_modules/prop-types": {
      "version": "15.8.1",
      "resolved": "https://oppy-368227470243.d.codeartifact.eu-west-3.amazonaws.com/npm/oppy-npm/prop-types/-/prop-types-15.8.1.tgz",
      "integrity": "sha512-oj87CgZICdulUohogVAR7AjlC0327U4el4L6eAvOqCeudMDVU0NThNaV+b9Df4dXgSP1gXMTnPdhfe/2qDH5cg==",
      "dependencies": {
        "loose-envify": "^1.4.0",
        "object-assign": "^4.1.1",
        "react-is": "^16.13.1"
      }
    },
    "node_modules/react": {
      "version": "18.2.0",
      "resolved": "https://oppy-368227470243.d.codeartifact.eu-west-3.amazonaws.com/npm/oppy-npm/react/-/react-18.2.0.tgz",
      "integrity": "sha512-/3IjMdb2L9QbBdWiW5e3P2/npwMBaU9mHCSCUzNln0ZCYbcfTsGbTJrU/kGemdH2IWmB2ioZ+zkxtmq6g09fGQ==",
      "dependencies": {
        "loose-envify": "^1.1.0"
      },
      "engines": {
        "node": ">=0.10.0"
      }
    },
    "node_modules/react-dom": {
      "version": "18.2.0",
      "resolved": "https://oppy-368227470243.d.codeartifact.eu-west-3.amazonaws.com/npm/oppy-npm/react-dom/-/react-dom-18.2.0.tgz",
      "integrity": "sha512-6IMTriUmvsjHUjNtEDudZfuDQUoWXVxKHhlEGSk81n4YFS+r/Kl99wXiwlVXtPBtJenozv2P+hxDsw9eA7Xo6g==",
      "dependencies": {
        "loose-envify": "^1.1.0",
        "scheduler": "^0.23.0"
      },
      "peerDependencies": {
        "react": "^18.2.0"
      }
    },
    "node_modules/react-is": {
      "version": "16.13.1",
      "resolved": "https://oppy-368227470243.d.codeartifact.eu-west-3.amazonaws.com/npm/oppy-npm/react-is/-/react-is-16.13.1.tgz",
      "integrity": "sha512-24e6ynE2H+OKt4kqsOvNd8kBpV65zoxbA4BVsEOB3ARVWQki/DHzaUoC5KuON/BiccDaCCTZBuOcfZs70kR8bQ=="
    },
    "node_modules/scheduler": {
      "version": "0.23.0",
      "resolved": "https://oppy-368227470243.d.codeartifact.eu-west-3.amazonaws.com/npm/oppy-npm/scheduler/-/scheduler-0.23.0.tgz",
      "integrity": "sha512-CtuThmgHNg7zIZWAXi3AsyIzA3n4xx7aNyjwC2VJldO2LMVDhFK+63xGqq6CsJH4rTAt6/M+N4GhZiDYPx9eUw==",
      "dependencies": {
        "loose-envify": "^1.1.0"
      }
    }
  }
}
